{
  "name": "miniprogram-1",
  "version": "1.0.0",
  "lockfileVersion": 2,
  "requires": true,
  "packages": {
    "": {
      "name": "miniprogram-1",
      "version": "1.0.0",
      "license": "ISC",
      "dependencies": {
        "tdesign-miniprogram": "^0.24.0",
        "vant-weapp": "^0.5.29"
      },
      "devDependencies": {}
    },
    "node_modules/dayjs": {
      "version": "1.11.6",
      "resolved": "https://registry.npmmirror.com/dayjs/-/dayjs-1.11.6.tgz",
      "integrity": "sha512-zZbY5giJAinCG+7AGaw0wIhNZ6J8AhWuSXKvuc1KAyMiRsvGQWqh4L+MomvhdAYjN+lqvVCMq1I41e3YHvXkyQ=="
    },
    "node_modules/tdesign-miniprogram": {
      "version": "0.24.0",
      "resolved": "https://registry.npmmirror.com/tdesign-miniprogram/-/tdesign-miniprogram-0.24.0.tgz",
      "integrity": "sha512-nPz3JXcHNP5e6fFt2tGULZAIbphV5M5hCDjVlzw9Xdwf+rVJt+6ZN/wAAMIlSgJRbDkM7dQHYVrcQ5nRYshsqw==",
      "dependencies": {
        "dayjs": "^1.10.7"
      }
    },
    "node_modules/vant-weapp": {
      "version": "0.5.29",
      "resolved": "https://registry.npmmirror.com/vant-weapp/-/vant-weapp-0.5.29.tgz",
      "integrity": "sha512-RMc0Ga914XFwspw2WuOMU8bOHlIkua8X1DoQ/KPnGQzjwT1uEL4S7W186EmaHF1wN2krB9BVd0LdRRt39dGh6Q=="
    }
  },
  "dependencies": {
    "dayjs": {
      "version": "1.11.6",
      "resolved": "https://registry.npmmirror.com/dayjs/-/dayjs-1.11.6.tgz",
      "integrity": "sha512-zZbY5giJAinCG+7AGaw0wIhNZ6J8AhWuSXKvuc1KAyMiRsvGQWqh4L+MomvhdAYjN+lqvVCMq1I41e3YHvXkyQ=="
    },
    "tdesign-miniprogram": {
      "version": "0.24.0",
      "resolved": "https://registry.npmmirror.com/tdesign-miniprogram/-/tdesign-miniprogram-0.24.0.tgz",
      "integrity": "sha512-nPz3JXcHNP5e6fFt2tGULZAIbphV5M5hCDjVlzw9Xdwf+rVJt+6ZN/wAAMIlSgJRbDkM7dQHYVrcQ5nRYshsqw==",
      "requires": {
        "dayjs": "^1.10.7"
      }
    },
    "vant-weapp": {
      "version": "0.5.29",
      "resolved": "https://registry.npmmirror.com/vant-weapp/-/vant-weapp-0.5.29.tgz",
      "integrity": "sha512-RMc0Ga914XFwspw2WuOMU8bOHlIkua8X1DoQ/KPnGQzjwT1uEL4S7W186EmaHF1wN2krB9BVd0LdRRt39dGh6Q=="
    }
  }
}
